{
  "nodes": {
    "emacs-overlay": {
      "inputs": {
        "flake-utils": "flake-utils",
        "nixpkgs": "nixpkgs"
      },
      "locked": {
        "lastModified": 1673544307,
        "narHash": "sha256-DzJyt37KjZ1eAD3RVH55i+QXwOVXL2/ivRqeKsR7pls=",
        "owner": "nix-community",
        "repo": "emacs-overlay",
        "rev": "a458da4b6b21eb5963438d305b216b7a4921f19a",
        "type": "github"
      },
      "original": {
        "owner": "nix-community",
        "repo": "emacs-overlay",
        "type": "github"
      }
    },
    "emacs-src": {
      "flake": false,
      "locked": {
        "lastModified": 1673545648,
        "narHash": "sha256-GT2zIohtmdIk/mxolELkPEUD0ujUFvdL+g/uYRecNJw=",
        "owner": "emacs-mirror",
        "repo": "emacs",
        "rev": "9ecebcdded157e1efc2f51b67967fd101797f225",
        "type": "github"
      },
      "original": {
        "owner": "emacs-mirror",
        "ref": "emacs-29",
        "repo": "emacs",
        "type": "github"
      }
    },
    "flake-utils": {
      "locked": {
        "lastModified": 1667395993,
        "narHash": "sha256-nuEHfE/LcWyuSWnS8t12N1wc105Qtau+/OdUAjtQ0rA=",
        "owner": "numtide",
        "repo": "flake-utils",
        "rev": "5aed5285a952e0b949eb3ba02c12fa4fcfef535f",
        "type": "github"
      },
      "original": {
        "owner": "numtide",
        "repo": "flake-utils",
        "type": "github"
      }
    },
    "flake-utils_2": {
      "locked": {
        "lastModified": 1667395993,
        "narHash": "sha256-nuEHfE/LcWyuSWnS8t12N1wc105Qtau+/OdUAjtQ0rA=",
        "owner": "numtide",
        "repo": "flake-utils",
        "rev": "5aed5285a952e0b949eb3ba02c12fa4fcfef535f",
        "type": "github"
      },
      "original": {
        "owner": "numtide",
        "repo": "flake-utils",
        "type": "github"
      }
    },
    "nixpkgs": {
      "locked": {
        "lastModified": 1673525234,
        "narHash": "sha256-fMP37VTeqSzC8JYoQJinLOnHfjriE5uKInLWJRz5K3E=",
        "owner": "NixOS",
        "repo": "nixpkgs",
        "rev": "92f9580a4c369b4b51a7b6a5e77da43720134c9f",
        "type": "github"
      },
      "original": {
        "id": "nixpkgs",
        "type": "indirect"
      }
    },
    "nixpkgs_2": {
      "locked": {
        "lastModified": 1673450908,
        "narHash": "sha256-b8em+kwrNtnB7gR8SyVf6WuTyQ+6tHS6dzt9D9wgKF0=",
        "owner": "nixos",
        "repo": "nixpkgs",
        "rev": "6c8644fc37b6e141cbfa6c7dc8d98846c4ff0c2e",
        "type": "github"
      },
      "original": {
        "owner": "nixos",
        "ref": "nixos-unstable",
        "repo": "nixpkgs",
        "type": "github"
      }
    },
    "root": {
      "inputs": {
        "emacs-overlay": "emacs-overlay",
        "emacs-src": "emacs-src",
        "flake-utils": "flake-utils_2",
        "nixpkgs": "nixpkgs_2"
      }
    }
  },
  "root": "root",
  "version": 7
}
